
Microsoft Visual Studio Solution File, Format Version 12.00
# Visual Studio Version 16
VisualStudioVersion = 16.0.29403.142
MinimumVisualStudioVersion = 10.0.40219.1
Project("{FAE04EC0-301F-11D3-BF4B-00C04F79EFBC}") = "BusinessRulesEngine.UI", "BusinessRulesEngine\BusinessRulesEngine.UI.csproj", "{40A29637-8B2B-443D-935E-83E9416ECCBA}"
EndProject
Project("{FAE04EC0-301F-11D3-BF4B-00C04F79EFBC}") = "BusinessRuleEngine", "BusinessRuleEngine\BusinessRuleEngine.csproj", "{3700FD5A-62C1-4C4D-AEA2-40FCA8734543}"
EndProject
Project("{FAE04EC0-301F-11D3-BF4B-00C04F79EFBC}") = "BusinessRuleEngine.Tests", "BusinessRuleEngine.Tests\BusinessRuleEngine.Tests.csproj", "{127D00DC-2932-4422-87D7-E2B4C48B648F}"
EndProject
Global
	GlobalSection(SolutionConfigurationPlatforms) = preSolution
		Debug|Any CPU = Debug|Any CPU
		Release|Any CPU = Release|Any CPU
	EndGlobalSection
	GlobalSection(ProjectConfigurationPlatforms) = postSolution
		{40A29637-8B2B-443D-935E-83E9416ECCBA}.Debug|Any CPU.ActiveCfg = Debug|Any CPU
		{40A29637-8B2B-443D-935E-83E9416ECCBA}.Debug|Any CPU.Build.0 = Debug|Any CPU
		{40A29637-8B2B-443D-935E-83E9416ECCBA}.Release|Any CPU.ActiveCfg = Release|Any CPU
		{40A29637-8B2B-443D-935E-83E9416ECCBA}.Release|Any CPU.Build.0 = Release|Any CPU
		{3700FD5A-62C1-4C4D-AEA2-40FCA8734543}.Debug|Any CPU.ActiveCfg = Debug|Any CPU
		{3700FD5A-62C1-4C4D-AEA2-40FCA8734543}.Debug|Any CPU.Build.0 = Debug|Any CPU
		{3700FD5A-62C1-4C4D-AEA2-40FCA8734543}.Release|Any CPU.ActiveCfg = Release|Any CPU
		{3700FD5A-62C1-4C4D-AEA2-40FCA8734543}.Release|Any CPU.Build.0 = Release|Any CPU
		{127D00DC-2932-4422-87D7-E2B4C48B648F}.Debug|Any CPU.ActiveCfg = Debug|Any CPU
		{127D00DC-2932-4422-87D7-E2B4C48B648F}.Debug|Any CPU.Build.0 = Debug|Any CPU
		{127D00DC-2932-4422-87D7-E2B4C48B648F}.Release|Any CPU.ActiveCfg = Release|Any CPU
		{127D00DC-2932-4422-87D7-E2B4C48B648F}.Release|Any CPU.Build.0 = Release|Any CPU
	EndGlobalSection
	GlobalSection(SolutionProperties) = preSolution
		HideSolutionNode = FALSE
	EndGlobalSection
	GlobalSection(ExtensibilityGlobals) = postSolution
		SolutionGuid = {89DC488D-49A7-4B6F-BB23-7B640970502F}
	EndGlobalSection
EndGlobal
